
Microsoft Visual Studio Solution File, Format Version 12.00
# Visual Studio Version 16
VisualStudioVersion = 16.0.30320.27
MinimumVisualStudioVersion = 10.0.40219.1
Project("{FAE04EC0-301F-11D3-BF4B-00C04F79EFBC}") = "PatronState_CSharp", "PatronState_CSharp\PatronState_CSharp.csproj", "{9314E647-EEF9-4EA1-B2E4-5D7D958E6D8A}"
EndProject
Global
	GlobalSection(SolutionConfigurationPlatforms) = preSolution
		Debug|Any CPU = Debug|Any CPU
		Release|Any CPU = Release|Any CPU
	EndGlobalSection
	GlobalSection(ProjectConfigurationPlatforms) = postSolution
		{9314E647-EEF9-4EA1-B2E4-5D7D958E6D8A}.Debug|Any CPU.ActiveCfg = Debug|Any CPU
		{9314E647-EEF9-4EA1-B2E4-5D7D958E6D8A}.Debug|Any CPU.Build.0 = Debug|Any CPU
		{9314E647-EEF9-4EA1-B2E4-5D7D958E6D8A}.Release|Any CPU.ActiveCfg = Release|Any CPU
		{9314E647-EEF9-4EA1-B2E4-5D7D958E6D8A}.Release|Any CPU.Build.0 = Release|Any CPU
	EndGlobalSection
	GlobalSection(SolutionProperties) = preSolution
		HideSolutionNode = FALSE
	EndGlobalSection
	GlobalSection(ExtensibilityGlobals) = postSolution
		SolutionGuid = {22CE3193-E45E-424E-AC52-E9BE6FF3F6F5}
	EndGlobalSection
EndGlobal
