
Microsoft Visual Studio Solution File, Format Version 12.00
# Visual Studio Version 16
VisualStudioVersion = 16.0.30320.27
MinimumVisualStudioVersion = 10.0.40219.1
Project("{FAE04EC0-301F-11D3-BF4B-00C04F79EFBC}") = "PatronSingleton_CSharp", "PatronSingleton_CSharp\PatronSingleton_CSharp.csproj", "{2AAB5970-1C4C-476B-971C-502B2FC00F66}"
EndProject
Global
	GlobalSection(SolutionConfigurationPlatforms) = preSolution
		Debug|Any CPU = Debug|Any CPU
		Release|Any CPU = Release|Any CPU
	EndGlobalSection
	GlobalSection(ProjectConfigurationPlatforms) = postSolution
		{2AAB5970-1C4C-476B-971C-502B2FC00F66}.Debug|Any CPU.ActiveCfg = Debug|Any CPU
		{2AAB5970-1C4C-476B-971C-502B2FC00F66}.Debug|Any CPU.Build.0 = Debug|Any CPU
		{2AAB5970-1C4C-476B-971C-502B2FC00F66}.Release|Any CPU.ActiveCfg = Release|Any CPU
		{2AAB5970-1C4C-476B-971C-502B2FC00F66}.Release|Any CPU.Build.0 = Release|Any CPU
	EndGlobalSection
	GlobalSection(SolutionProperties) = preSolution
		HideSolutionNode = FALSE
	EndGlobalSection
	GlobalSection(ExtensibilityGlobals) = postSolution
		SolutionGuid = {57EA8090-897D-4398-960A-8235E3CA4BA3}
	EndGlobalSection
EndGlobal
